
Microsoft Visual Studio Solution File, Format Version 12.00
# Visual Studio 15
VisualStudioVersion = 15.0.27703.2047
MinimumVisualStudioVersion = 10.0.40219.1
Project("{FAE04EC0-301F-11D3-BF4B-00C04F79EFBC}") = "Pokedex.Android", "Pokedex\Pokedex.Android\Pokedex.Android.csproj", "{52201530-D8CB-4DD5-9AFE-E8B8F7480951}"
EndProject
Project("{FAE04EC0-301F-11D3-BF4B-00C04F79EFBC}") = "Pokedex.iOS", "Pokedex\Pokedex.iOS\Pokedex.iOS.csproj", "{50AB7B79-0C8C-4FFC-A11F-A3E7CBA28240}"
EndProject
Project("{FAE04EC0-301F-11D3-BF4B-00C04F79EFBC}") = "Pokedex.UWP", "Pokedex\Pokedex.UWP\Pokedex.UWP.csproj", "{060DA0AD-A9F3-4FF2-B9B0-492771F884BB}"
EndProject
Project("{FAE04EC0-301F-11D3-BF4B-00C04F79EFBC}") = "Pokedex", "Pokedex\Pokedex\Pokedex.csproj", "{F1D41E06-54F7-4CA1-BBAC-36C8F980AE75}"
EndProject
Global
	GlobalSection(SolutionConfigurationPlatforms) = preSolution
		Ad-Hoc|Any CPU = Ad-Hoc|Any CPU
		Ad-Hoc|ARM = Ad-Hoc|ARM
		Ad-Hoc|iPhone = Ad-Hoc|iPhone
		Ad-Hoc|iPhoneSimulator = Ad-Hoc|iPhoneSimulator
		Ad-Hoc|x64 = Ad-Hoc|x64
		Ad-Hoc|x86 = Ad-Hoc|x86
		AppStore|Any CPU = AppStore|Any CPU
		AppStore|ARM = AppStore|ARM
		AppStore|iPhone = AppStore|iPhone
		AppStore|iPhoneSimulator = AppStore|iPhoneSimulator
		AppStore|x64 = AppStore|x64
		AppStore|x86 = AppStore|x86
		Debug|Any CPU = Debug|Any CPU
		Debug|ARM = Debug|ARM
		Debug|iPhone = Debug|iPhone
		Debug|iPhoneSimulator = Debug|iPhoneSimulator
		Debug|x64 = Debug|x64
		Debug|x86 = Debug|x86
		Release|Any CPU = Release|Any CPU
		Release|ARM = Release|ARM
		Release|iPhone = Release|iPhone
		Release|iPhoneSimulator = Release|iPhoneSimulator
		Release|x64 = Release|x64
		Release|x86 = Release|x86
	EndGlobalSection
	GlobalSection(ProjectConfigurationPlatforms) = postSolution
		{52201530-D8CB-4DD5-9AFE-E8B8F7480951}.Ad-Hoc|Any CPU.ActiveCfg = Release|Any CPU
		{52201530-D8CB-4DD5-9AFE-E8B8F7480951}.Ad-Hoc|Any CPU.Build.0 = Release|Any CPU
		{52201530-D8CB-4DD5-9AFE-E8B8F7480951}.Ad-Hoc|Any CPU.Deploy.0 = Release|Any CPU
		{52201530-D8CB-4DD5-9AFE-E8B8F7480951}.Ad-Hoc|ARM.ActiveCfg = Release|Any CPU
		{52201530-D8CB-4DD5-9AFE-E8B8F7480951}.Ad-Hoc|ARM.Build.0 = Release|Any CPU
		{52201530-D8CB-4DD5-9AFE-E8B8F7480951}.Ad-Hoc|ARM.Deploy.0 = Release|Any CPU
		{52201530-D8CB-4DD5-9AFE-E8B8F7480951}.Ad-Hoc|iPhone.ActiveCfg = Release|Any CPU
		{52201530-D8CB-4DD5-9AFE-E8B8F7480951}.Ad-Hoc|iPhone.Build.0 = Release|Any CPU
		{52201530-D8CB-4DD5-9AFE-E8B8F7480951}.Ad-Hoc|iPhone.Deploy.0 = Release|Any CPU
		{52201530-D8CB-4DD5-9AFE-E8B8F7480951}.Ad-Hoc|iPhoneSimulator.ActiveCfg = Release|Any CPU
		{52201530-D8CB-4DD5-9AFE-E8B8F7480951}.Ad-Hoc|iPhoneSimulator.Build.0 = Release|Any CPU
		{52201530-D8CB-4DD5-9AFE-E8B8F7480951}.Ad-Hoc|iPhoneSimulator.Deploy.0 = Release|Any CPU
		{52201530-D8CB-4DD5-9AFE-E8B8F7480951}.Ad-Hoc|x64.ActiveCfg = Release|Any CPU
		{52201530-D8CB-4DD5-9AFE-E8B8F7480951}.Ad-Hoc|x64.Build.0 = Release|Any CPU
		{52201530-D8CB-4DD5-9AFE-E8B8F7480951}.Ad-Hoc|x64.Deploy.0 = Release|Any CPU
		{52201530-D8CB-4DD5-9AFE-E8B8F7480951}.Ad-Hoc|x86.ActiveCfg = Release|Any CPU
		{52201530-D8CB-4DD5-9AFE-E8B8F7480951}.Ad-Hoc|x86.Build.0 = Release|Any CPU
		{52201530-D8CB-4DD5-9AFE-E8B8F7480951}.Ad-Hoc|x86.Deploy.0 = Release|Any CPU
		{52201530-D8CB-4DD5-9AFE-E8B8F7480951}.AppStore|Any CPU.ActiveCfg = Release|Any CPU
		{52201530-D8CB-4DD5-9AFE-E8B8F7480951}.AppStore|Any CPU.Build.0 = Release|Any CPU
		{52201530-D8CB-4DD5-9AFE-E8B8F7480951}.AppStore|Any CPU.Deploy.0 = Release|Any CPU
		{52201530-D8CB-4DD5-9AFE-E8B8F7480951}.AppStore|ARM.ActiveCfg = Release|Any CPU
		{52201530-D8CB-4DD5-9AFE-E8B8F7480951}.AppStore|ARM.Build.0 = Release|Any CPU
		{52201530-D8CB-4DD5-9AFE-E8B8F7480951}.AppStore|ARM.Deploy.0 = Release|Any CPU
		{52201530-D8CB-4DD5-9AFE-E8B8F7480951}.AppStore|iPhone.ActiveCfg = Release|Any CPU
		{52201530-D8CB-4DD5-9AFE-E8B8F7480951}.AppStore|iPhone.Build.0 = Release|Any CPU
		{52201530-D8CB-4DD5-9AFE-E8B8F7480951}.AppStore|iPhone.Deploy.0 = Release|Any CPU
		{52201530-D8CB-4DD5-9AFE-E8B8F7480951}.AppStore|iPhoneSimulator.ActiveCfg = Release|Any CPU
		{52201530-D8CB-4DD5-9AFE-E8B8F7480951}.AppStore|iPhoneSimulator.Build.0 = Release|Any CPU
		{52201530-D8CB-4DD5-9AFE-E8B8F7480951}.AppStore|iPhoneSimulator.Deploy.0 = Release|Any CPU
		{52201530-D8CB-4DD5-9AFE-E8B8F7480951}.AppStore|x64.ActiveCfg = Release|Any CPU
		{52201530-D8CB-4DD5-9AFE-E8B8F7480951}.AppStore|x64.Build.0 = Release|Any CPU
		{52201530-D8CB-4DD5-9AFE-E8B8F7480951}.AppStore|x64.Deploy.0 = Release|Any CPU
		{52201530-D8CB-4DD5-9AFE-E8B8F7480951}.AppStore|x86.ActiveCfg = Release|Any CPU
		{52201530-D8CB-4DD5-9AFE-E8B8F7480951}.AppStore|x86.Build.0 = Release|Any CPU
		{52201530-D8CB-4DD5-9AFE-E8B8F7480951}.AppStore|x86.Deploy.0 = Release|Any CPU
		{52201530-D8CB-4DD5-9AFE-E8B8F7480951}.Debug|Any CPU.ActiveCfg = Debug|Any CPU
		{52201530-D8CB-4DD5-9AFE-E8B8F7480951}.Debug|Any CPU.Build.0 = Debug|Any CPU
		{52201530-D8CB-4DD5-9AFE-E8B8F7480951}.Debug|Any CPU.Deploy.0 = Debug|Any CPU
		{52201530-D8CB-4DD5-9AFE-E8B8F7480951}.Debug|ARM.ActiveCfg = Debug|Any CPU
		{52201530-D8CB-4DD5-9AFE-E8B8F7480951}.Debug|ARM.Build.0 = Debug|Any CPU
		{52201530-D8CB-4DD5-9AFE-E8B8F7480951}.Debug|ARM.Deploy.0 = Debug|Any CPU
		{52201530-D8CB-4DD5-9AFE-E8B8F7480951}.Debug|iPhone.ActiveCfg = Debug|Any CPU
		{52201530-D8CB-4DD5-9AFE-E8B8F7480951}.Debug|iPhone.Build.0 = Debug|Any CPU
		{52201530-D8CB-4DD5-9AFE-E8B8F7480951}.Debug|iPhone.Deploy.0 = Debug|Any CPU
		{52201530-D8CB-4DD5-9AFE-E8B8F7480951}.Debug|iPhoneSimulator.ActiveCfg = Debug|Any CPU
		{52201530-D8CB-4DD5-9AFE-E8B8F7480951}.Debug|iPhoneSimulator.Build.0 = Debug|Any CPU
		{52201530-D8CB-4DD5-9AFE-E8B8F7480951}.Debug|iPhoneSimulator.Deploy.0 = Debug|Any CPU
		{52201530-D8CB-4DD5-9AFE-E8B8F7480951}.Debug|x64.ActiveCfg = Debug|Any CPU
		{52201530-D8CB-4DD5-9AFE-E8B8F7480951}.Debug|x64.Build.0 = Debug|Any CPU
		{52201530-D8CB-4DD5-9AFE-E8B8F7480951}.Debug|x64.Deploy.0 = Debug|Any CPU
		{52201530-D8CB-4DD5-9AFE-E8B8F7480951}.Debug|x86.ActiveCfg = Debug|Any CPU
		{52201530-D8CB-4DD5-9AFE-E8B8F7480951}.Debug|x86.Build.0 = Debug|Any CPU
		{52201530-D8CB-4DD5-9AFE-E8B8F7480951}.Debug|x86.Deploy.0 = Debug|Any CPU
		{52201530-D8CB-4DD5-9AFE-E8B8F7480951}.Release|Any CPU.ActiveCfg = Release|Any CPU
		{52201530-D8CB-4DD5-9AFE-E8B8F7480951}.Release|Any CPU.Build.0 = Release|Any CPU
		{52201530-D8CB-4DD5-9AFE-E8B8F7480951}.Release|Any CPU.Deploy.0 = Release|Any CPU
		{52201530-D8CB-4DD5-9AFE-E8B8F7480951}.Release|ARM.ActiveCfg = Release|Any CPU
		{52201530-D8CB-4DD5-9AFE-E8B8F7480951}.Release|ARM.Build.0 = Release|Any CPU
		{52201530-D8CB-4DD5-9AFE-E8B8F7480951}.Release|ARM.Deploy.0 = Release|Any CPU
		{52201530-D8CB-4DD5-9AFE-E8B8F7480951}.Release|iPhone.ActiveCfg = Release|Any CPU
		{52201530-D8CB-4DD5-9AFE-E8B8F7480951}.Release|iPhone.Build.0 = Release|Any CPU
		{52201530-D8CB-4DD5-9AFE-E8B8F7480951}.Release|iPhone.Deploy.0 = Release|Any CPU
		{52201530-D8CB-4DD5-9AFE-E8B8F7480951}.Release|iPhoneSimulator.ActiveCfg = Release|Any CPU
		{52201530-D8CB-4DD5-9AFE-E8B8F7480951}.Release|iPhoneSimulator.Build.0 = Release|Any CPU
		{52201530-D8CB-4DD5-9AFE-E8B8F7480951}.Release|iPhoneSimulator.Deploy.0 = Release|Any CPU
		{52201530-D8CB-4DD5-9AFE-E8B8F7480951}.Release|x64.ActiveCfg = Release|Any CPU
		{52201530-D8CB-4DD5-9AFE-E8B8F7480951}.Release|x64.Build.0 = Release|Any CPU
		{52201530-D8CB-4DD5-9AFE-E8B8F7480951}.Release|x64.Deploy.0 = Release|Any CPU
		{52201530-D8CB-4DD5-9AFE-E8B8F7480951}.Release|x86.ActiveCfg = Release|Any CPU
		{52201530-D8CB-4DD5-9AFE-E8B8F7480951}.Release|x86.Build.0 = Release|Any CPU
		{52201530-D8CB-4DD5-9AFE-E8B8F7480951}.Release|x86.Deploy.0 = Release|Any CPU
		{50AB7B79-0C8C-4FFC-A11F-A3E7CBA28240}.Ad-Hoc|Any CPU.ActiveCfg = Ad-Hoc|iPhone
		{50AB7B79-0C8C-4FFC-A11F-A3E7CBA28240}.Ad-Hoc|Any CPU.Build.0 = Ad-Hoc|iPhone
		{50AB7B79-0C8C-4FFC-A11F-A3E7CBA28240}.Ad-Hoc|Any CPU.Deploy.0 = Ad-Hoc|iPhone
		{50AB7B79-0C8C-4FFC-A11F-A3E7CBA28240}.Ad-Hoc|ARM.ActiveCfg = Ad-Hoc|iPhone
		{50AB7B79-0C8C-4FFC-A11F-A3E7CBA28240}.Ad-Hoc|ARM.Build.0 = Ad-Hoc|iPhone
		{50AB7B79-0C8C-4FFC-A11F-A3E7CBA28240}.Ad-Hoc|ARM.Deploy.0 = Ad-Hoc|iPhone
		{50AB7B79-0C8C-4FFC-A11F-A3E7CBA28240}.Ad-Hoc|iPhone.ActiveCfg = Ad-Hoc|iPhone
		{50AB7B79-0C8C-4FFC-A11F-A3E7CBA28240}.Ad-Hoc|iPhone.Build.0 = Ad-Hoc|iPhone
		{50AB7B79-0C8C-4FFC-A11F-A3E7CBA28240}.Ad-Hoc|iPhone.Deploy.0 = Ad-Hoc|iPhone
		{50AB7B79-0C8C-4FFC-A11F-A3E7CBA28240}.Ad-Hoc|iPhoneSimulator.ActiveCfg = Ad-Hoc|iPhoneSimulator
		{50AB7B79-0C8C-4FFC-A11F-A3E7CBA28240}.Ad-Hoc|iPhoneSimulator.Build.0 = Ad-Hoc|iPhoneSimulator
		{50AB7B79-0C8C-4FFC-A11F-A3E7CBA28240}.Ad-Hoc|iPhoneSimulator.Deploy.0 = Ad-Hoc|iPhoneSimulator
		{50AB7B79-0C8C-4FFC-A11F-A3E7CBA28240}.Ad-Hoc|x64.ActiveCfg = Ad-Hoc|iPhone
		{50AB7B79-0C8C-4FFC-A11F-A3E7CBA28240}.Ad-Hoc|x64.Build.0 = Ad-Hoc|iPhone
		{50AB7B79-0C8C-4FFC-A11F-A3E7CBA28240}.Ad-Hoc|x64.Deploy.0 = Ad-Hoc|iPhone
		{50AB7B79-0C8C-4FFC-A11F-A3E7CBA28240}.Ad-Hoc|x86.ActiveCfg = Ad-Hoc|iPhone
		{50AB7B79-0C8C-4FFC-A11F-A3E7CBA28240}.Ad-Hoc|x86.Build.0 = Ad-Hoc|iPhone
		{50AB7B79-0C8C-4FFC-A11F-A3E7CBA28240}.Ad-Hoc|x86.Deploy.0 = Ad-Hoc|iPhone
		{50AB7B79-0C8C-4FFC-A11F-A3E7CBA28240}.AppStore|Any CPU.ActiveCfg = AppStore|iPhone
		{50AB7B79-0C8C-4FFC-A11F-A3E7CBA28240}.AppStore|Any CPU.Build.0 = AppStore|iPhone
		{50AB7B79-0C8C-4FFC-A11F-A3E7CBA28240}.AppStore|Any CPU.Deploy.0 = AppStore|iPhone
		{50AB7B79-0C8C-4FFC-A11F-A3E7CBA28240}.AppStore|ARM.ActiveCfg = AppStore|iPhone
		{50AB7B79-0C8C-4FFC-A11F-A3E7CBA28240}.AppStore|ARM.Build.0 = AppStore|iPhone
		{50AB7B79-0C8C-4FFC-A11F-A3E7CBA28240}.AppStore|ARM.Deploy.0 = AppStore|iPhone
		{50AB7B79-0C8C-4FFC-A11F-A3E7CBA28240}.AppStore|iPhone.ActiveCfg = AppStore|iPhone
		{50AB7B79-0C8C-4FFC-A11F-A3E7CBA28240}.AppStore|iPhone.Build.0 = AppStore|iPhone
		{50AB7B79-0C8C-4FFC-A11F-A3E7CBA28240}.AppStore|iPhone.Deploy.0 = AppStore|iPhone
		{50AB7B79-0C8C-4FFC-A11F-A3E7CBA28240}.AppStore|iPhoneSimulator.ActiveCfg = AppStore|iPhoneSimulator
		{50AB7B79-0C8C-4FFC-A11F-A3E7CBA28240}.AppStore|iPhoneSimulator.Build.0 = AppStore|iPhoneSimulator
		{50AB7B79-0C8C-4FFC-A11F-A3E7CBA28240}.AppStore|iPhoneSimulator.Deploy.0 = AppStore|iPhoneSimulator
		{50AB7B79-0C8C-4FFC-A11F-A3E7CBA28240}.AppStore|x64.ActiveCfg = AppStore|iPhone
		{50AB7B79-0C8C-4FFC-A11F-A3E7CBA28240}.AppStore|x64.Build.0 = AppStore|iPhone
		{50AB7B79-0C8C-4FFC-A11F-A3E7CBA28240}.AppStore|x64.Deploy.0 = AppStore|iPhone
		{50AB7B79-0C8C-4FFC-A11F-A3E7CBA28240}.AppStore|x86.ActiveCfg = AppStore|iPhone
		{50AB7B79-0C8C-4FFC-A11F-A3E7CBA28240}.AppStore|x86.Build.0 = AppStore|iPhone
		{50AB7B79-0C8C-4FFC-A11F-A3E7CBA28240}.AppStore|x86.Deploy.0 = AppStore|iPhone
		{50AB7B79-0C8C-4FFC-A11F-A3E7CBA28240}.Debug|Any CPU.ActiveCfg = Debug|iPhoneSimulator
		{50AB7B79-0C8C-4FFC-A11F-A3E7CBA28240}.Debug|Any CPU.Build.0 = Debug|iPhoneSimulator
		{50AB7B79-0C8C-4FFC-A11F-A3E7CBA28240}.Debug|Any CPU.Deploy.0 = Debug|iPhoneSimulator
		{50AB7B79-0C8C-4FFC-A11F-A3E7CBA28240}.Debug|ARM.ActiveCfg = Debug|iPhone
		{50AB7B79-0C8C-4FFC-A11F-A3E7CBA28240}.Debug|ARM.Build.0 = Debug|iPhone
		{50AB7B79-0C8C-4FFC-A11F-A3E7CBA28240}.Debug|ARM.Deploy.0 = Debug|iPhone
		{50AB7B79-0C8C-4FFC-A11F-A3E7CBA28240}.Debug|iPhone.ActiveCfg = Debug|iPhone
		{50AB7B79-0C8C-4FFC-A11F-A3E7CBA28240}.Debug|iPhone.Build.0 = Debug|iPhone
		{50AB7B79-0C8C-4FFC-A11F-A3E7CBA28240}.Debug|iPhone.Deploy.0 = Debug|iPhone
		{50AB7B79-0C8C-4FFC-A11F-A3E7CBA28240}.Debug|iPhoneSimulator.ActiveCfg = Debug|iPhoneSimulator
		{50AB7B79-0C8C-4FFC-A11F-A3E7CBA28240}.Debug|iPhoneSimulator.Build.0 = Debug|iPhoneSimulator
		{50AB7B79-0C8C-4FFC-A11F-A3E7CBA28240}.Debug|iPhoneSimulator.Deploy.0 = Debug|iPhoneSimulator
		{50AB7B79-0C8C-4FFC-A11F-A3E7CBA28240}.Debug|x64.ActiveCfg = Debug|iPhone
		{50AB7B79-0C8C-4FFC-A11F-A3E7CBA28240}.Debug|x64.Build.0 = Debug|iPhone
		{50AB7B79-0C8C-4FFC-A11F-A3E7CBA28240}.Debug|x64.Deploy.0 = Debug|iPhone
		{50AB7B79-0C8C-4FFC-A11F-A3E7CBA28240}.Debug|x86.ActiveCfg = Debug|iPhone
		{50AB7B79-0C8C-4FFC-A11F-A3E7CBA28240}.Debug|x86.Build.0 = Debug|iPhone
		{50AB7B79-0C8C-4FFC-A11F-A3E7CBA28240}.Debug|x86.Deploy.0 = Debug|iPhone
		{50AB7B79-0C8C-4FFC-A11F-A3E7CBA28240}.Release|Any CPU.ActiveCfg = Release|iPhone
		{50AB7B79-0C8C-4FFC-A11F-A3E7CBA28240}.Release|Any CPU.Build.0 = Release|iPhone
		{50AB7B79-0C8C-4FFC-A11F-A3E7CBA28240}.Release|Any CPU.Deploy.0 = Release|iPhone
		{50AB7B79-0C8C-4FFC-A11F-A3E7CBA28240}.Release|ARM.ActiveCfg = Release|iPhone
		{50AB7B79-0C8C-4FFC-A11F-A3E7CBA28240}.Release|ARM.Build.0 = Release|iPhone
		{50AB7B79-0C8C-4FFC-A11F-A3E7CBA28240}.Release|ARM.Deploy.0 = Release|iPhone
		{50AB7B79-0C8C-4FFC-A11F-A3E7CBA28240}.Release|iPhone.ActiveCfg = Release|iPhone
		{50AB7B79-0C8C-4FFC-A11F-A3E7CBA28240}.Release|iPhone.Build.0 = Release|iPhone
		{50AB7B79-0C8C-4FFC-A11F-A3E7CBA28240}.Release|iPhone.Deploy.0 = Release|iPhone
		{50AB7B79-0C8C-4FFC-A11F-A3E7CBA28240}.Release|iPhoneSimulator.ActiveCfg = Release|iPhoneSimulator
		{50AB7B79-0C8C-4FFC-A11F-A3E7CBA28240}.Release|iPhoneSimulator.Build.0 = Release|iPhoneSimulator
		{50AB7B79-0C8C-4FFC-A11F-A3E7CBA28240}.Release|iPhoneSimulator.Deploy.0 = Release|iPhoneSimulator
		{50AB7B79-0C8C-4FFC-A11F-A3E7CBA28240}.Release|x64.ActiveCfg = Release|iPhone
		{50AB7B79-0C8C-4FFC-A11F-A3E7CBA28240}.Release|x64.Build.0 = Release|iPhone
		{50AB7B79-0C8C-4FFC-A11F-A3E7CBA28240}.Release|x64.Deploy.0 = Release|iPhone
		{50AB7B79-0C8C-4FFC-A11F-A3E7CBA28240}.Release|x86.ActiveCfg = Release|iPhone
		{50AB7B79-0C8C-4FFC-A11F-A3E7CBA28240}.Release|x86.Build.0 = Release|iPhone
		{50AB7B79-0C8C-4FFC-A11F-A3E7CBA28240}.Release|x86.Deploy.0 = Release|iPhone
		{060DA0AD-A9F3-4FF2-B9B0-492771F884BB}.Ad-Hoc|Any CPU.ActiveCfg = Release|x86
		{060DA0AD-A9F3-4FF2-B9B0-492771F884BB}.Ad-Hoc|Any CPU.Build.0 = Release|x86
		{060DA0AD-A9F3-4FF2-B9B0-492771F884BB}.Ad-Hoc|Any CPU.Deploy.0 = Release|x86
		{060DA0AD-A9F3-4FF2-B9B0-492771F884BB}.Ad-Hoc|ARM.ActiveCfg = Release|ARM
		{060DA0AD-A9F3-4FF2-B9B0-492771F884BB}.Ad-Hoc|ARM.Build.0 = Release|ARM
		{060DA0AD-A9F3-4FF2-B9B0-492771F884BB}.Ad-Hoc|ARM.Deploy.0 = Release|ARM
		{060DA0AD-A9F3-4FF2-B9B0-492771F884BB}.Ad-Hoc|iPhone.ActiveCfg = Release|x86
		{060DA0AD-A9F3-4FF2-B9B0-492771F884BB}.Ad-Hoc|iPhone.Build.0 = Release|x86
		{060DA0AD-A9F3-4FF2-B9B0-492771F884BB}.Ad-Hoc|iPhone.Deploy.0 = Release|x86
		{060DA0AD-A9F3-4FF2-B9B0-492771F884BB}.Ad-Hoc|iPhoneSimulator.ActiveCfg = Release|x86
		{060DA0AD-A9F3-4FF2-B9B0-492771F884BB}.Ad-Hoc|iPhoneSimulator.Build.0 = Release|x86
		{060DA0AD-A9F3-4FF2-B9B0-492771F884BB}.Ad-Hoc|iPhoneSimulator.Deploy.0 = Release|x86
		{060DA0AD-A9F3-4FF2-B9B0-492771F884BB}.Ad-Hoc|x64.ActiveCfg = Release|x64
		{060DA0AD-A9F3-4FF2-B9B0-492771F884BB}.Ad-Hoc|x64.Build.0 = Release|x64
		{060DA0AD-A9F3-4FF2-B9B0-492771F884BB}.Ad-Hoc|x64.Deploy.0 = Release|x64
		{060DA0AD-A9F3-4FF2-B9B0-492771F884BB}.Ad-Hoc|x86.ActiveCfg = Release|x86
		{060DA0AD-A9F3-4FF2-B9B0-492771F884BB}.Ad-Hoc|x86.Build.0 = Release|x86
		{060DA0AD-A9F3-4FF2-B9B0-492771F884BB}.Ad-Hoc|x86.Deploy.0 = Release|x86
		{060DA0AD-A9F3-4FF2-B9B0-492771F884BB}.AppStore|Any CPU.ActiveCfg = Release|x86
		{060DA0AD-A9F3-4FF2-B9B0-492771F884BB}.AppStore|Any CPU.Build.0 = Release|x86
		{060DA0AD-A9F3-4FF2-B9B0-492771F884BB}.AppStore|Any CPU.Deploy.0 = Release|x86
		{060DA0AD-A9F3-4FF2-B9B0-492771F884BB}.AppStore|ARM.ActiveCfg = Release|ARM
		{060DA0AD-A9F3-4FF2-B9B0-492771F884BB}.AppStore|ARM.Build.0 = Release|ARM
		{060DA0AD-A9F3-4FF2-B9B0-492771F884BB}.AppStore|ARM.Deploy.0 = Release|ARM
		{060DA0AD-A9F3-4FF2-B9B0-492771F884BB}.AppStore|iPhone.ActiveCfg = Release|x86
		{060DA0AD-A9F3-4FF2-B9B0-492771F884BB}.AppStore|iPhone.Build.0 = Release|x86
		{060DA0AD-A9F3-4FF2-B9B0-492771F884BB}.AppStore|iPhone.Deploy.0 = Release|x86
		{060DA0AD-A9F3-4FF2-B9B0-492771F884BB}.AppStore|iPhoneSimulator.ActiveCfg = Release|x86
		{060DA0AD-A9F3-4FF2-B9B0-492771F884BB}.AppStore|iPhoneSimulator.Build.0 = Release|x86
		{060DA0AD-A9F3-4FF2-B9B0-492771F884BB}.AppStore|iPhoneSimulator.Deploy.0 = Release|x86
		{060DA0AD-A9F3-4FF2-B9B0-492771F884BB}.AppStore|x64.ActiveCfg = Release|x64
		{060DA0AD-A9F3-4FF2-B9B0-492771F884BB}.AppStore|x64.Build.0 = Release|x64
		{060DA0AD-A9F3-4FF2-B9B0-492771F884BB}.AppStore|x64.Deploy.0 = Release|x64
		{060DA0AD-A9F3-4FF2-B9B0-492771F884BB}.AppStore|x86.ActiveCfg = Release|x86
		{060DA0AD-A9F3-4FF2-B9B0-492771F884BB}.AppStore|x86.Build.0 = Release|x86
		{060DA0AD-A9F3-4FF2-B9B0-492771F884BB}.AppStore|x86.Deploy.0 = Release|x86
		{060DA0AD-A9F3-4FF2-B9B0-492771F884BB}.Debug|Any CPU.ActiveCfg = Debug|x86
		{060DA0AD-A9F3-4FF2-B9B0-492771F884BB}.Debug|ARM.ActiveCfg = Debug|ARM
		{060DA0AD-A9F3-4FF2-B9B0-492771F884BB}.Debug|ARM.Build.0 = Debug|ARM
		{060DA0AD-A9F3-4FF2-B9B0-492771F884BB}.Debug|ARM.Deploy.0 = Debug|ARM
		{060DA0AD-A9F3-4FF2-B9B0-492771F884BB}.Debug|iPhone.ActiveCfg = Debug|x86
		{060DA0AD-A9F3-4FF2-B9B0-492771F884BB}.Debug|iPhoneSimulator.ActiveCfg = Debug|x86
		{060DA0AD-A9F3-4FF2-B9B0-492771F884BB}.Debug|x64.ActiveCfg = Debug|x64
		{060DA0AD-A9F3-4FF2-B9B0-492771F884BB}.Debug|x64.Build.0 = Debug|x64
		{060DA0AD-A9F3-4FF2-B9B0-492771F884BB}.Debug|x64.Deploy.0 = Debug|x64
		{060DA0AD-A9F3-4FF2-B9B0-492771F884BB}.Debug|x86.ActiveCfg = Debug|x86
		{060DA0AD-A9F3-4FF2-B9B0-492771F884BB}.Debug|x86.Build.0 = Debug|x86
		{060DA0AD-A9F3-4FF2-B9B0-492771F884BB}.Debug|x86.Deploy.0 = Debug|x86
		{060DA0AD-A9F3-4FF2-B9B0-492771F884BB}.Release|Any CPU.ActiveCfg = Release|x86
		{060DA0AD-A9F3-4FF2-B9B0-492771F884BB}.Release|ARM.ActiveCfg = Release|ARM
		{060DA0AD-A9F3-4FF2-B9B0-492771F884BB}.Release|ARM.Build.0 = Release|ARM
		{060DA0AD-A9F3-4FF2-B9B0-492771F884BB}.Release|ARM.Deploy.0 = Release|ARM
		{060DA0AD-A9F3-4FF2-B9B0-492771F884BB}.Release|iPhone.ActiveCfg = Release|x86
		{060DA0AD-A9F3-4FF2-B9B0-492771F884BB}.Release|iPhoneSimulator.ActiveCfg = Release|x86
		{060DA0AD-A9F3-4FF2-B9B0-492771F884BB}.Release|x64.ActiveCfg = Release|x64
		{060DA0AD-A9F3-4FF2-B9B0-492771F884BB}.Release|x64.Build.0 = Release|x64
		{060DA0AD-A9F3-4FF2-B9B0-492771F884BB}.Release|x64.Deploy.0 = Release|x64
		{060DA0AD-A9F3-4FF2-B9B0-492771F884BB}.Release|x86.ActiveCfg = Release|x86
		{060DA0AD-A9F3-4FF2-B9B0-492771F884BB}.Release|x86.Build.0 = Release|x86
		{060DA0AD-A9F3-4FF2-B9B0-492771F884BB}.Release|x86.Deploy.0 = Release|x86
		{F1D41E06-54F7-4CA1-BBAC-36C8F980AE75}.Ad-Hoc|Any CPU.ActiveCfg = Debug|Any CPU
		{F1D41E06-54F7-4CA1-BBAC-36C8F980AE75}.Ad-Hoc|Any CPU.Build.0 = Debug|Any CPU
		{F1D41E06-54F7-4CA1-BBAC-36C8F980AE75}.Ad-Hoc|Any CPU.Deploy.0 = Debug|Any CPU
		{F1D41E06-54F7-4CA1-BBAC-36C8F980AE75}.Ad-Hoc|ARM.ActiveCfg = Debug|Any CPU
		{F1D41E06-54F7-4CA1-BBAC-36C8F980AE75}.Ad-Hoc|ARM.Build.0 = Debug|Any CPU
		{F1D41E06-54F7-4CA1-BBAC-36C8F980AE75}.Ad-Hoc|ARM.Deploy.0 = Debug|Any CPU
		{F1D41E06-54F7-4CA1-BBAC-36C8F980AE75}.Ad-Hoc|iPhone.ActiveCfg = Debug|Any CPU
		{F1D41E06-54F7-4CA1-BBAC-36C8F980AE75}.Ad-Hoc|iPhone.Build.0 = Debug|Any CPU
		{F1D41E06-54F7-4CA1-BBAC-36C8F980AE75}.Ad-Hoc|iPhone.Deploy.0 = Debug|Any CPU
		{F1D41E06-54F7-4CA1-BBAC-36C8F980AE75}.Ad-Hoc|iPhoneSimulator.ActiveCfg = Debug|Any CPU
		{F1D41E06-54F7-4CA1-BBAC-36C8F980AE75}.Ad-Hoc|iPhoneSimulator.Build.0 = Debug|Any CPU
		{F1D41E06-54F7-4CA1-BBAC-36C8F980AE75}.Ad-Hoc|iPhoneSimulator.Deploy.0 = Debug|Any CPU
		{F1D41E06-54F7-4CA1-BBAC-36C8F980AE75}.Ad-Hoc|x64.ActiveCfg = Debug|Any CPU
		{F1D41E06-54F7-4CA1-BBAC-36C8F980AE75}.Ad-Hoc|x64.Build.0 = Debug|Any CPU
		{F1D41E06-54F7-4CA1-BBAC-36C8F980AE75}.Ad-Hoc|x64.Deploy.0 = Debug|Any CPU
		{F1D41E06-54F7-4CA1-BBAC-36C8F980AE75}.Ad-Hoc|x86.ActiveCfg = Debug|Any CPU
		{F1D41E06-54F7-4CA1-BBAC-36C8F980AE75}.Ad-Hoc|x86.Build.0 = Debug|Any CPU
		{F1D41E06-54F7-4CA1-BBAC-36C8F980AE75}.Ad-Hoc|x86.Deploy.0 = Debug|Any CPU
		{F1D41E06-54F7-4CA1-BBAC-36C8F980AE75}.AppStore|Any CPU.ActiveCfg = Debug|Any CPU
		{F1D41E06-54F7-4CA1-BBAC-36C8F980AE75}.AppStore|Any CPU.Build.0 = Debug|Any CPU
		{F1D41E06-54F7-4CA1-BBAC-36C8F980AE75}.AppStore|Any CPU.Deploy.0 = Debug|Any CPU
		{F1D41E06-54F7-4CA1-BBAC-36C8F980AE75}.AppStore|ARM.ActiveCfg = Debug|Any CPU
		{F1D41E06-54F7-4CA1-BBAC-36C8F980AE75}.AppStore|ARM.Build.0 = Debug|Any CPU
		{F1D41E06-54F7-4CA1-BBAC-36C8F980AE75}.AppStore|ARM.Deploy.0 = Debug|Any CPU
		{F1D41E06-54F7-4CA1-BBAC-36C8F980AE75}.AppStore|iPhone.ActiveCfg = Debug|Any CPU
		{F1D41E06-54F7-4CA1-BBAC-36C8F980AE75}.AppStore|iPhone.Build.0 = Debug|Any CPU
		{F1D41E06-54F7-4CA1-BBAC-36C8F980AE75}.AppStore|iPhone.Deploy.0 = Debug|Any CPU
		{F1D41E06-54F7-4CA1-BBAC-36C8F980AE75}.AppStore|iPhoneSimulator.ActiveCfg = Debug|Any CPU
		{F1D41E06-54F7-4CA1-BBAC-36C8F980AE75}.AppStore|iPhoneSimulator.Build.0 = Debug|Any CPU
		{F1D41E06-54F7-4CA1-BBAC-36C8F980AE75}.AppStore|iPhoneSimulator.Deploy.0 = Debug|Any CPU
		{F1D41E06-54F7-4CA1-BBAC-36C8F980AE75}.AppStore|x64.ActiveCfg = Debug|Any CPU
		{F1D41E06-54F7-4CA1-BBAC-36C8F980AE75}.AppStore|x64.Build.0 = Debug|Any CPU
		{F1D41E06-54F7-4CA1-BBAC-36C8F980AE75}.AppStore|x64.Deploy.0 = Debug|Any CPU
		{F1D41E06-54F7-4CA1-BBAC-36C8F980AE75}.AppStore|x86.ActiveCfg = Debug|Any CPU
		{F1D41E06-54F7-4CA1-BBAC-36C8F980AE75}.AppStore|x86.Build.0 = Debug|Any CPU
		{F1D41E06-54F7-4CA1-BBAC-36C8F980AE75}.AppStore|x86.Deploy.0 = Debug|Any CPU
		{F1D41E06-54F7-4CA1-BBAC-36C8F980AE75}.Debug|Any CPU.ActiveCfg = Debug|Any CPU
		{F1D41E06-54F7-4CA1-BBAC-36C8F980AE75}.Debug|Any CPU.Build.0 = Debug|Any CPU
		{F1D41E06-54F7-4CA1-BBAC-36C8F980AE75}.Debug|Any CPU.Deploy.0 = Debug|Any CPU
		{F1D41E06-54F7-4CA1-BBAC-36C8F980AE75}.Debug|ARM.ActiveCfg = Debug|Any CPU
		{F1D41E06-54F7-4CA1-BBAC-36C8F980AE75}.Debug|ARM.Build.0 = Debug|Any CPU
		{F1D41E06-54F7-4CA1-BBAC-36C8F980AE75}.Debug|ARM.Deploy.0 = Debug|Any CPU
		{F1D41E06-54F7-4CA1-BBAC-36C8F980AE75}.Debug|iPhone.ActiveCfg = Debug|Any CPU
		{F1D41E06-54F7-4CA1-BBAC-36C8F980AE75}.Debug|iPhone.Build.0 = Debug|Any CPU
		{F1D41E06-54F7-4CA1-BBAC-36C8F980AE75}.Debug|iPhone.Deploy.0 = Debug|Any CPU
		{F1D41E06-54F7-4CA1-BBAC-36C8F980AE75}.Debug|iPhoneSimulator.ActiveCfg = Debug|Any CPU
		{F1D41E06-54F7-4CA1-BBAC-36C8F980AE75}.Debug|iPhoneSimulator.Build.0 = Debug|Any CPU
		{F1D41E06-54F7-4CA1-BBAC-36C8F980AE75}.Debug|iPhoneSimulator.Deploy.0 = Debug|Any CPU
		{F1D41E06-54F7-4CA1-BBAC-36C8F980AE75}.Debug|x64.ActiveCfg = Debug|Any CPU
		{F1D41E06-54F7-4CA1-BBAC-36C8F980AE75}.Debug|x64.Build.0 = Debug|Any CPU
		{F1D41E06-54F7-4CA1-BBAC-36C8F980AE75}.Debug|x64.Deploy.0 = Debug|Any CPU
		{F1D41E06-54F7-4CA1-BBAC-36C8F980AE75}.Debug|x86.ActiveCfg = Debug|Any CPU
		{F1D41E06-54F7-4CA1-BBAC-36C8F980AE75}.Debug|x86.Build.0 = Debug|Any CPU
		{F1D41E06-54F7-4CA1-BBAC-36C8F980AE75}.Debug|x86.Deploy.0 = Debug|Any CPU
		{F1D41E06-54F7-4CA1-BBAC-36C8F980AE75}.Release|Any CPU.ActiveCfg = Release|Any CPU
		{F1D41E06-54F7-4CA1-BBAC-36C8F980AE75}.Release|Any CPU.Build.0 = Release|Any CPU
		{F1D41E06-54F7-4CA1-BBAC-36C8F980AE75}.Release|Any CPU.Deploy.0 = Release|Any CPU
		{F1D41E06-54F7-4CA1-BBAC-36C8F980AE75}.Release|ARM.ActiveCfg = Release|Any CPU
		{F1D41E06-54F7-4CA1-BBAC-36C8F980AE75}.Release|ARM.Build.0 = Release|Any CPU
		{F1D41E06-54F7-4CA1-BBAC-36C8F980AE75}.Release|ARM.Deploy.0 = Release|Any CPU
		{F1D41E06-54F7-4CA1-BBAC-36C8F980AE75}.Release|iPhone.ActiveCfg = Release|Any CPU
		{F1D41E06-54F7-4CA1-BBAC-36C8F980AE75}.Release|iPhone.Build.0 = Release|Any CPU
		{F1D41E06-54F7-4CA1-BBAC-36C8F980AE75}.Release|iPhone.Deploy.0 = Release|Any CPU
		{F1D41E06-54F7-4CA1-BBAC-36C8F980AE75}.Release|iPhoneSimulator.ActiveCfg = Release|Any CPU
		{F1D41E06-54F7-4CA1-BBAC-36C8F980AE75}.Release|iPhoneSimulator.Build.0 = Release|Any CPU
		{F1D41E06-54F7-4CA1-BBAC-36C8F980AE75}.Release|iPhoneSimulator.Deploy.0 = Release|Any CPU
		{F1D41E06-54F7-4CA1-BBAC-36C8F980AE75}.Release|x64.ActiveCfg = Release|Any CPU
		{F1D41E06-54F7-4CA1-BBAC-36C8F980AE75}.Release|x64.Build.0 = Release|Any CPU
		{F1D41E06-54F7-4CA1-BBAC-36C8F980AE75}.Release|x64.Deploy.0 = Release|Any CPU
		{F1D41E06-54F7-4CA1-BBAC-36C8F980AE75}.Release|x86.ActiveCfg = Release|Any CPU
		{F1D41E06-54F7-4CA1-BBAC-36C8F980AE75}.Release|x86.Build.0 = Release|Any CPU
		{F1D41E06-54F7-4CA1-BBAC-36C8F980AE75}.Release|x86.Deploy.0 = Release|Any CPU
	EndGlobalSection
	GlobalSection(SolutionProperties) = preSolution
		HideSolutionNode = FALSE
	EndGlobalSection
	GlobalSection(ExtensibilityGlobals) = postSolution
		SolutionGuid = {84DB0E30-A997-4340-AD0A-CBAB00D7BA90}
	EndGlobalSection
EndGlobal
